
Microsoft Visual Studio Solution File, Format Version 12.00
# Visual Studio Version 16
VisualStudioVersion = 16.0.31019.35
MinimumVisualStudioVersion = 10.0.40219.1
Project("{FAE04EC0-301F-11D3-BF4B-00C04F79EFBC}") = "Cloud_Day7_2", "Cloud_Day7_2\Cloud_Day7_2.csproj", "{36172B86-D7D8-4FC3-A354-C9A4F9E8E621}"
EndProject
Global
	GlobalSection(SolutionConfigurationPlatforms) = preSolution
		Debug|Any CPU = Debug|Any CPU
		Release|Any CPU = Release|Any CPU
	EndGlobalSection
	GlobalSection(ProjectConfigurationPlatforms) = postSolution
		{36172B86-D7D8-4FC3-A354-C9A4F9E8E621}.Debug|Any CPU.ActiveCfg = Debug|Any CPU
		{36172B86-D7D8-4FC3-A354-C9A4F9E8E621}.Debug|Any CPU.Build.0 = Debug|Any CPU
		{36172B86-D7D8-4FC3-A354-C9A4F9E8E621}.Release|Any CPU.ActiveCfg = Release|Any CPU
		{36172B86-D7D8-4FC3-A354-C9A4F9E8E621}.Release|Any CPU.Build.0 = Release|Any CPU
	EndGlobalSection
	GlobalSection(SolutionProperties) = preSolution
		HideSolutionNode = FALSE
	EndGlobalSection
	GlobalSection(ExtensibilityGlobals) = postSolution
		SolutionGuid = {8426B7FD-1BC2-44FC-BBD4-0A89FE685AEB}
	EndGlobalSection
EndGlobal
